
Microsoft Visual Studio Solution File, Format Version 12.00
# Visual Studio Version 17
VisualStudioVersion = 17.10.35122.118
MinimumVisualStudioVersion = 10.0.40219.1
Project("{FAE04EC0-301F-11D3-BF4B-00C04F79EFBC}") = "BinariTreeTest", "BinariTreeTest.csproj", "{E14B3E70-455A-4F8E-B776-40C856780C89}"
EndProject
Global
	GlobalSection(SolutionConfigurationPlatforms) = preSolution
		Debug|Any CPU = Debug|Any CPU
		Release|Any CPU = Release|Any CPU
	EndGlobalSection
	GlobalSection(ProjectConfigurationPlatforms) = postSolution
		{E14B3E70-455A-4F8E-B776-40C856780C89}.Debug|Any CPU.ActiveCfg = Debug|Any CPU
		{E14B3E70-455A-4F8E-B776-40C856780C89}.Debug|Any CPU.Build.0 = Debug|Any CPU
		{E14B3E70-455A-4F8E-B776-40C856780C89}.Release|Any CPU.ActiveCfg = Release|Any CPU
		{E14B3E70-455A-4F8E-B776-40C856780C89}.Release|Any CPU.Build.0 = Release|Any CPU
	EndGlobalSection
	GlobalSection(SolutionProperties) = preSolution
		HideSolutionNode = FALSE
	EndGlobalSection
	GlobalSection(ExtensibilityGlobals) = postSolution
		SolutionGuid = {D3886123-0D42-4560-B3A0-4C7E6155541F}
	EndGlobalSection
EndGlobal
